
Microsoft Visual Studio Solution File, Format Version 12.00
# Visual Studio Version 17
VisualStudioVersion = 17.7.34009.444
MinimumVisualStudioVersion = 10.0.40219.1
Project("{D954291E-2A0B-460D-934E-DC6B0785DB48}") = "SharedProject2", "SharedProject2\SharedProject2.shproj", "{C20FF8F7-D3E6-4C19-B557-1019117DBB3F}"
EndProject
Global
	GlobalSection(SolutionProperties) = preSolution
		HideSolutionNode = FALSE
	EndGlobalSection
	GlobalSection(ExtensibilityGlobals) = postSolution
		SolutionGuid = {56727CA1-25A4-45DE-83E9-344B5931BB2A}
	EndGlobalSection
	GlobalSection(SharedMSBuildProjectFiles) = preSolution
		SharedProject2\SharedProject2.projitems*{c20ff8f7-d3e6-4c19-b557-1019117dbb3f}*SharedItemsImports = 13
	EndGlobalSection
EndGlobal
